
Microsoft Visual Studio Solution File, Format Version 12.00
# Visual Studio Version 17
VisualStudioVersion = 17.4.33205.214
MinimumVisualStudioVersion = 10.0.40219.1
Project("{FAE04EC0-301F-11D3-BF4B-00C04F79EFBC}") = "Module3_Lab8", "Module3_Lab8\Module3_Lab8.csproj", "{7113C0C9-15E7-4A63-94C7-E4192646151F}"
EndProject
Global
	GlobalSection(SolutionConfigurationPlatforms) = preSolution
		Debug|Any CPU = Debug|Any CPU
		Release|Any CPU = Release|Any CPU
	EndGlobalSection
	GlobalSection(ProjectConfigurationPlatforms) = postSolution
		{7113C0C9-15E7-4A63-94C7-E4192646151F}.Debug|Any CPU.ActiveCfg = Debug|Any CPU
		{7113C0C9-15E7-4A63-94C7-E4192646151F}.Debug|Any CPU.Build.0 = Debug|Any CPU
		{7113C0C9-15E7-4A63-94C7-E4192646151F}.Release|Any CPU.ActiveCfg = Release|Any CPU
		{7113C0C9-15E7-4A63-94C7-E4192646151F}.Release|Any CPU.Build.0 = Release|Any CPU
	EndGlobalSection
	GlobalSection(SolutionProperties) = preSolution
		HideSolutionNode = FALSE
	EndGlobalSection
	GlobalSection(ExtensibilityGlobals) = postSolution
		SolutionGuid = {4890B240-E7DF-4ECD-B978-BB2DDCDDE49A}
	EndGlobalSection
EndGlobal
